
Microsoft Visual Studio Solution File, Format Version 12.00
# Visual Studio 15
VisualStudioVersion = 15.0.28010.2003
MinimumVisualStudioVersion = 10.0.40219.1
Project("{FAE04EC0-301F-11D3-BF4B-00C04F79EFBC}") = "DIS_Group18", "DIS_Group18\DIS_Group18.csproj", "{4AB41809-392E-422D-BBC0-248AF743DC4C}"
EndProject
Global
	GlobalSection(SolutionConfigurationPlatforms) = preSolution
		Debug|Any CPU = Debug|Any CPU
		Release|Any CPU = Release|Any CPU
	EndGlobalSection
	GlobalSection(ProjectConfigurationPlatforms) = postSolution
		{4AB41809-392E-422D-BBC0-248AF743DC4C}.Debug|Any CPU.ActiveCfg = Debug|Any CPU
		{4AB41809-392E-422D-BBC0-248AF743DC4C}.Debug|Any CPU.Build.0 = Debug|Any CPU
		{4AB41809-392E-422D-BBC0-248AF743DC4C}.Release|Any CPU.ActiveCfg = Release|Any CPU
		{4AB41809-392E-422D-BBC0-248AF743DC4C}.Release|Any CPU.Build.0 = Release|Any CPU
	EndGlobalSection
	GlobalSection(SolutionProperties) = preSolution
		HideSolutionNode = FALSE
	EndGlobalSection
	GlobalSection(ExtensibilityGlobals) = postSolution
		SolutionGuid = {A4E23B7D-0E14-4249-9367-A6C21DE1480C}
	EndGlobalSection
EndGlobal
